
Microsoft Visual Studio Solution File, Format Version 12.00
# Visual Studio Version 16
VisualStudioVersion = 16.0.30907.101
MinimumVisualStudioVersion = 10.0.40219.1
Project("{FAE04EC0-301F-11D3-BF4B-00C04F79EFBC}") = "ITMO.LabsWinCS.RegistrationForm", "ITMO.LabsWinCS.RegistrationForm\ITMO.LabsWinCS.RegistrationForm.csproj", "{1FCA1C17-2602-4B9B-A9C4-21B2C1A141BA}"
EndProject
Global
	GlobalSection(SolutionConfigurationPlatforms) = preSolution
		Debug|Any CPU = Debug|Any CPU
		Release|Any CPU = Release|Any CPU
	EndGlobalSection
	GlobalSection(ProjectConfigurationPlatforms) = postSolution
		{1FCA1C17-2602-4B9B-A9C4-21B2C1A141BA}.Debug|Any CPU.ActiveCfg = Debug|Any CPU
		{1FCA1C17-2602-4B9B-A9C4-21B2C1A141BA}.Debug|Any CPU.Build.0 = Debug|Any CPU
		{1FCA1C17-2602-4B9B-A9C4-21B2C1A141BA}.Release|Any CPU.ActiveCfg = Release|Any CPU
		{1FCA1C17-2602-4B9B-A9C4-21B2C1A141BA}.Release|Any CPU.Build.0 = Release|Any CPU
	EndGlobalSection
	GlobalSection(SolutionProperties) = preSolution
		HideSolutionNode = FALSE
	EndGlobalSection
	GlobalSection(ExtensibilityGlobals) = postSolution
		SolutionGuid = {0DEF3057-2D6D-41FB-BD1C-E458BE3A8168}
	EndGlobalSection
EndGlobal
