
Microsoft Visual Studio Solution File, Format Version 12.00
# Visual Studio Version 16
VisualStudioVersion = 16.0.30907.101
MinimumVisualStudioVersion = 10.0.40219.1
Project("{FAE04EC0-301F-11D3-BF4B-00C04F79EFBC}") = "ITMO.WindowsFormsControlLibrary1", "ITMO.WindowsFormsControlLibrary1\ITMO.WindowsFormsControlLibrary1.csproj", "{FB17F474-EF2A-47E2-876A-E23297CD19BD}"
EndProject
Global
	GlobalSection(SolutionConfigurationPlatforms) = preSolution
		Debug|Any CPU = Debug|Any CPU
		Release|Any CPU = Release|Any CPU
	EndGlobalSection
	GlobalSection(ProjectConfigurationPlatforms) = postSolution
		{FB17F474-EF2A-47E2-876A-E23297CD19BD}.Debug|Any CPU.ActiveCfg = Debug|Any CPU
		{FB17F474-EF2A-47E2-876A-E23297CD19BD}.Debug|Any CPU.Build.0 = Debug|Any CPU
		{FB17F474-EF2A-47E2-876A-E23297CD19BD}.Release|Any CPU.ActiveCfg = Release|Any CPU
		{FB17F474-EF2A-47E2-876A-E23297CD19BD}.Release|Any CPU.Build.0 = Release|Any CPU
	EndGlobalSection
	GlobalSection(SolutionProperties) = preSolution
		HideSolutionNode = FALSE
	EndGlobalSection
	GlobalSection(ExtensibilityGlobals) = postSolution
		SolutionGuid = {78C8FA99-57E4-4D12-87C8-0D3FA58E7128}
	EndGlobalSection
EndGlobal
