
Microsoft Visual Studio Solution File, Format Version 12.00
# Visual Studio Version 16
VisualStudioVersion = 16.0.30907.101
MinimumVisualStudioVersion = 10.0.40219.1
Project("{FAE04EC0-301F-11D3-BF4B-00C04F79EFBC}") = "ITMO.PracticeWpfCS.WpfHello", "ITMO.PracticeWpfCS.WpfHello\ITMO.PracticeWpfCS.WpfHello.csproj", "{91FB6B1C-8792-4742-922A-A784555CE6B8}"
EndProject
Global
	GlobalSection(SolutionConfigurationPlatforms) = preSolution
		Debug|Any CPU = Debug|Any CPU
		Release|Any CPU = Release|Any CPU
	EndGlobalSection
	GlobalSection(ProjectConfigurationPlatforms) = postSolution
		{91FB6B1C-8792-4742-922A-A784555CE6B8}.Debug|Any CPU.ActiveCfg = Debug|Any CPU
		{91FB6B1C-8792-4742-922A-A784555CE6B8}.Debug|Any CPU.Build.0 = Debug|Any CPU
		{91FB6B1C-8792-4742-922A-A784555CE6B8}.Release|Any CPU.ActiveCfg = Release|Any CPU
		{91FB6B1C-8792-4742-922A-A784555CE6B8}.Release|Any CPU.Build.0 = Release|Any CPU
	EndGlobalSection
	GlobalSection(SolutionProperties) = preSolution
		HideSolutionNode = FALSE
	EndGlobalSection
	GlobalSection(ExtensibilityGlobals) = postSolution
		SolutionGuid = {35A82946-2AA5-4BCB-8961-A09616ED5A48}
	EndGlobalSection
EndGlobal
