
Microsoft Visual Studio Solution File, Format Version 12.00
# Visual Studio Version 16
VisualStudioVersion = 16.0.30907.101
MinimumVisualStudioVersion = 10.0.40219.1
Project("{FAE04EC0-301F-11D3-BF4B-00C04F79EFBC}") = "ITMO.LabsWindCS.Demo2", "ITMO.LabsWindCS.Demo2\ITMO.LabsWindCS.Demo2.csproj", "{F8B9CD96-23B3-48CC-9CF8-099AC9EA0CA6}"
EndProject
Global
	GlobalSection(SolutionConfigurationPlatforms) = preSolution
		Debug|Any CPU = Debug|Any CPU
		Release|Any CPU = Release|Any CPU
	EndGlobalSection
	GlobalSection(ProjectConfigurationPlatforms) = postSolution
		{F8B9CD96-23B3-48CC-9CF8-099AC9EA0CA6}.Debug|Any CPU.ActiveCfg = Debug|Any CPU
		{F8B9CD96-23B3-48CC-9CF8-099AC9EA0CA6}.Debug|Any CPU.Build.0 = Debug|Any CPU
		{F8B9CD96-23B3-48CC-9CF8-099AC9EA0CA6}.Release|Any CPU.ActiveCfg = Release|Any CPU
		{F8B9CD96-23B3-48CC-9CF8-099AC9EA0CA6}.Release|Any CPU.Build.0 = Release|Any CPU
	EndGlobalSection
	GlobalSection(SolutionProperties) = preSolution
		HideSolutionNode = FALSE
	EndGlobalSection
	GlobalSection(ExtensibilityGlobals) = postSolution
		SolutionGuid = {DBA69416-3343-4DA2-9FDC-9711EC887D60}
	EndGlobalSection
EndGlobal
