
Microsoft Visual Studio Solution File, Format Version 12.00
# Visual Studio Version 16
VisualStudioVersion = 16.0.30907.101
MinimumVisualStudioVersion = 10.0.40219.1
Project("{FAE04EC0-301F-11D3-BF4B-00C04F79EFBC}") = "ITMO.PracticeWpfCS.WpfRoutedEvent_2_1", "ITMO.PracticeWpfCS.WpfRoutedEvent_2_1\ITMO.PracticeWpfCS.WpfRoutedEvent_2_1.csproj", "{5D808D81-9F42-45D3-B26A-329052A7137C}"
EndProject
Global
	GlobalSection(SolutionConfigurationPlatforms) = preSolution
		Debug|Any CPU = Debug|Any CPU
		Release|Any CPU = Release|Any CPU
	EndGlobalSection
	GlobalSection(ProjectConfigurationPlatforms) = postSolution
		{5D808D81-9F42-45D3-B26A-329052A7137C}.Debug|Any CPU.ActiveCfg = Debug|Any CPU
		{5D808D81-9F42-45D3-B26A-329052A7137C}.Debug|Any CPU.Build.0 = Debug|Any CPU
		{5D808D81-9F42-45D3-B26A-329052A7137C}.Release|Any CPU.ActiveCfg = Release|Any CPU
		{5D808D81-9F42-45D3-B26A-329052A7137C}.Release|Any CPU.Build.0 = Release|Any CPU
	EndGlobalSection
	GlobalSection(SolutionProperties) = preSolution
		HideSolutionNode = FALSE
	EndGlobalSection
	GlobalSection(ExtensibilityGlobals) = postSolution
		SolutionGuid = {E8287EFF-C92D-43F4-B60B-54E613F44D0D}
	EndGlobalSection
EndGlobal
