
Microsoft Visual Studio Solution File, Format Version 12.00
# Visual Studio Version 16
VisualStudioVersion = 16.0.30907.101
MinimumVisualStudioVersion = 10.0.40219.1
Project("{FAE04EC0-301F-11D3-BF4B-00C04F79EFBC}") = "ITMO.LabsWindCS.WinQuestion", "ITMO.LabsWindCS.WinQuestion\ITMO.LabsWindCS.WinQuestion.csproj", "{99C7ACB7-7010-46CA-895A-DD16134E19D8}"
EndProject
Global
	GlobalSection(SolutionConfigurationPlatforms) = preSolution
		Debug|Any CPU = Debug|Any CPU
		Release|Any CPU = Release|Any CPU
	EndGlobalSection
	GlobalSection(ProjectConfigurationPlatforms) = postSolution
		{99C7ACB7-7010-46CA-895A-DD16134E19D8}.Debug|Any CPU.ActiveCfg = Debug|Any CPU
		{99C7ACB7-7010-46CA-895A-DD16134E19D8}.Debug|Any CPU.Build.0 = Debug|Any CPU
		{99C7ACB7-7010-46CA-895A-DD16134E19D8}.Release|Any CPU.ActiveCfg = Release|Any CPU
		{99C7ACB7-7010-46CA-895A-DD16134E19D8}.Release|Any CPU.Build.0 = Release|Any CPU
	EndGlobalSection
	GlobalSection(SolutionProperties) = preSolution
		HideSolutionNode = FALSE
	EndGlobalSection
	GlobalSection(ExtensibilityGlobals) = postSolution
		SolutionGuid = {DEC45B99-8AC4-4FA0-9426-735D419ECDA6}
	EndGlobalSection
EndGlobal
