
Microsoft Visual Studio Solution File, Format Version 12.00
# Visual Studio Version 16
VisualStudioVersion = 16.0.30907.101
MinimumVisualStudioVersion = 10.0.40219.1
Project("{FAE04EC0-301F-11D3-BF4B-00C04F79EFBC}") = "ITMO.LabsWinCS.EditPerson", "ITMO.LabsWinCS.EditPerson\ITMO.LabsWinCS.EditPerson.csproj", "{57F1FA80-775F-4A7E-9C34-7F0AE9CD8AA5}"
EndProject
Global
	GlobalSection(SolutionConfigurationPlatforms) = preSolution
		Debug|Any CPU = Debug|Any CPU
		Release|Any CPU = Release|Any CPU
	EndGlobalSection
	GlobalSection(ProjectConfigurationPlatforms) = postSolution
		{57F1FA80-775F-4A7E-9C34-7F0AE9CD8AA5}.Debug|Any CPU.ActiveCfg = Debug|Any CPU
		{57F1FA80-775F-4A7E-9C34-7F0AE9CD8AA5}.Debug|Any CPU.Build.0 = Debug|Any CPU
		{57F1FA80-775F-4A7E-9C34-7F0AE9CD8AA5}.Release|Any CPU.ActiveCfg = Release|Any CPU
		{57F1FA80-775F-4A7E-9C34-7F0AE9CD8AA5}.Release|Any CPU.Build.0 = Release|Any CPU
	EndGlobalSection
	GlobalSection(SolutionProperties) = preSolution
		HideSolutionNode = FALSE
	EndGlobalSection
	GlobalSection(ExtensibilityGlobals) = postSolution
		SolutionGuid = {B84A435B-2609-423C-A42A-EAED8E1A8710}
	EndGlobalSection
EndGlobal
